<?xml version="1.0" encoding="utf-8"?>
<Project xmlns="http://schemas.microsoft.com/developer/msbuild/2003">
  <ItemGroup>
    <Filter Include="Form Files">
      <UniqueIdentifier>{99349809-55BA-4b9d-BF79-8FDBB0286EB3}</UniqueIdentifier>
      <Extensions>ui</Extensions>
      <ParseFiles>false</ParseFiles>
    </Filter>
    <Filter Include="Form Files">
      <UniqueIdentifier>{99349809-55BA-4b9d-BF79-8FDBB0286EB3}</UniqueIdentifier>
      <Extensions>ui</Extensions>
      <ParseFiles>false</ParseFiles>
    </Filter>
    <Filter Include="Generated Files">
      <UniqueIdentifier>{71ED8ED8-ACB9-4CE9-BBE1-E00B30144E11}</UniqueIdentifier>
      <Extensions>cpp;c;cxx;moc;h;def;odl;idl;res;</Extensions>
    </Filter>
    <Filter Include="Generated Files">
      <UniqueIdentifier>{71ED8ED8-ACB9-4CE9-BBE1-E00B30144E11}</UniqueIdentifier>
      <Extensions>cpp;c;cxx;moc;h;def;odl;idl;res;</Extensions>
    </Filter>
    <Filter Include="Header Files">
      <UniqueIdentifier>{93995380-89BD-4b04-88EB-625FBE52EBFB}</UniqueIdentifier>
      <Extensions>h;hpp;hxx;hm;inl;inc;xsd</Extensions>
    </Filter>
    <Filter Include="Header Files">
      <UniqueIdentifier>{93995380-89BD-4b04-88EB-625FBE52EBFB}</UniqueIdentifier>
      <Extensions>h;hpp;hxx;hm;inl;inc;xsd</Extensions>
    </Filter>
    <Filter Include="Resource Files">
      <UniqueIdentifier>{D9D6E242-F8AF-46E4-B9FD-80ECBC20BA3E}</UniqueIdentifier>
      <Extensions>qrc;*</Extensions>
      <ParseFiles>false</ParseFiles>
    </Filter>
    <Filter Include="Resource Files">
      <UniqueIdentifier>{D9D6E242-F8AF-46E4-B9FD-80ECBC20BA3E}</UniqueIdentifier>
      <Extensions>qrc;*</Extensions>
      <ParseFiles>false</ParseFiles>
    </Filter>
    <Filter Include="Source Files">
      <UniqueIdentifier>{4FC737F1-C7A5-4376-A066-2A32D752A2FF}</UniqueIdentifier>
      <Extensions>cpp;c;cxx;def;odl;idl;hpj;bat;asm;asmx</Extensions>
    </Filter>
    <Filter Include="Source Files">
      <UniqueIdentifier>{4FC737F1-C7A5-4376-A066-2A32D752A2FF}</UniqueIdentifier>
      <Extensions>cpp;c;cxx;def;odl;idl;hpj;bat;asm;asmx</Extensions>
    </Filter>
    <Filter Include="Translation Files">
      <UniqueIdentifier>{639EADAA-A684-42e4-A9AD-28FC9BCB8F7C}</UniqueIdentifier>
      <Extensions>ts;xlf</Extensions>
      <ParseFiles>false</ParseFiles>
    </Filter>
    <Filter Include="Translation Files">
      <UniqueIdentifier>{639EADAA-A684-42e4-A9AD-28FC9BCB8F7C}</UniqueIdentifier>
      <Extensions>ts;xlf</Extensions>
      <ParseFiles>false</ParseFiles>
    </Filter>
  </ItemGroup>
  <ItemGroup>
    <ClCompile Include="perfusionmapcalculatormainthread.cpp">
      <Filter>Source Files</Filter>
    </ClCompile>
    <ClCompile Include="perfusionmapcalculatorthread.cpp">
      <Filter>Source Files</Filter>
    </ClCompile>
    <ClCompile Include="perfusionmapreconstructionextensionmediator.cpp">
      <Filter>Source Files</Filter>
    </ClCompile>
    <ClCompile Include="perfusionmapreconstructionsettings.cpp">
      <Filter>Source Files</Filter>
    </ClCompile>
    <ClCompile Include="qgraphicplotwidget.cpp">
      <Filter>Source Files</Filter>
    </ClCompile>
    <ClCompile Include="qperfusionmapreconstructionextension.cpp">
      <Filter>Source Files</Filter>
    </ClCompile>
  </ItemGroup>
  <ItemGroup>
    <QtMoc Include="perfusionmapcalculatormainthread.h">
      <Filter>Header Files</Filter>
    </QtMoc>
    <QtMoc Include="perfusionmapcalculatorthread.h">
      <Filter>Header Files</Filter>
    </QtMoc>
    <QtMoc Include="perfusionmapreconstructionextensionmediator.h">
      <Filter>Header Files</Filter>
    </QtMoc>
    <ClInclude Include="perfusionmapreconstructionsettings.h">
      <Filter>Header Files</Filter>
    </ClInclude>
    <QtMoc Include="qgraphicplotwidget.h">
      <Filter>Header Files</Filter>
    </QtMoc>
    <QtMoc Include="qperfusionmapreconstructionextension.h">
      <Filter>Header Files</Filter>
    </QtMoc>
  </ItemGroup>
  <ItemGroup>
    <CustomBuild Include="..\..\..\..\tmp\moc\moc_predefs.h.cbt">
      <Filter>Generated Files</Filter>
    </CustomBuild>
  </ItemGroup>
  <ItemGroup>
    <None Include=".\translations_ca_ES.ts">
      <Filter>Translation Files</Filter>
    </None>
    <None Include=".\translations_en_GB.ts">
      <Filter>Translation Files</Filter>
    </None>
    <None Include=".\translations_es_ES.ts">
      <Filter>Translation Files</Filter>
    </None>
  </ItemGroup>
  <ItemGroup>
    <QtUic Include="qgraphicplotwidgetbase.ui">
      <Filter>Form Files</Filter>
    </QtUic>
    <QtUic Include="qperfusionmapreconstructionextensionbase.ui">
      <Filter>Form Files</Filter>
    </QtUic>
  </ItemGroup>
  <ItemGroup>
    <QtRcc Include="perfusionmapreconstruction.qrc">
      <Filter>Resource Files</Filter>
    </QtRcc>
    <None Include="translations_ca_ES.qm">
      <Filter>Resource Files</Filter>
    </None>
    <None Include="translations_en_GB.qm">
      <Filter>Resource Files</Filter>
    </None>
    <None Include="translations_es_ES.qm">
      <Filter>Resource Files</Filter>
    </None>
  </ItemGroup>
</Project>