<?xml version="1.0" encoding="utf-8"?>
<Project xmlns="http://schemas.microsoft.com/developer/msbuild/2003">
  <ItemGroup>
    <Filter Include="Generated Files">
      <UniqueIdentifier>{71ED8ED8-ACB9-4CE9-BBE1-E00B30144E11}</UniqueIdentifier>
      <Extensions>cpp;c;cxx;moc;h;def;odl;idl;res;</Extensions>
    </Filter>
    <Filter Include="Generated Files">
      <UniqueIdentifier>{71ED8ED8-ACB9-4CE9-BBE1-E00B30144E11}</UniqueIdentifier>
      <Extensions>cpp;c;cxx;moc;h;def;odl;idl;res;</Extensions>
    </Filter>
    <Filter Include="Header Files">
      <UniqueIdentifier>{93995380-89BD-4b04-88EB-625FBE52EBFB}</UniqueIdentifier>
      <Extensions>h;hpp;hxx;hm;inl;inc;xsd</Extensions>
    </Filter>
    <Filter Include="Header Files">
      <UniqueIdentifier>{93995380-89BD-4b04-88EB-625FBE52EBFB}</UniqueIdentifier>
      <Extensions>h;hpp;hxx;hm;inl;inc;xsd</Extensions>
    </Filter>
    <Filter Include="Resource Files">
      <UniqueIdentifier>{D9D6E242-F8AF-46E4-B9FD-80ECBC20BA3E}</UniqueIdentifier>
      <Extensions>qrc;*</Extensions>
      <ParseFiles>false</ParseFiles>
    </Filter>
    <Filter Include="Resource Files">
      <UniqueIdentifier>{D9D6E242-F8AF-46E4-B9FD-80ECBC20BA3E}</UniqueIdentifier>
      <Extensions>qrc;*</Extensions>
      <ParseFiles>false</ParseFiles>
    </Filter>
    <Filter Include="Source Files">
      <UniqueIdentifier>{4FC737F1-C7A5-4376-A066-2A32D752A2FF}</UniqueIdentifier>
      <Extensions>cpp;c;cxx;def;odl;idl;hpj;bat;asm;asmx</Extensions>
    </Filter>
    <Filter Include="Source Files">
      <UniqueIdentifier>{4FC737F1-C7A5-4376-A066-2A32D752A2FF}</UniqueIdentifier>
      <Extensions>cpp;c;cxx;def;odl;idl;hpj;bat;asm;asmx</Extensions>
    </Filter>
  </ItemGroup>
  <ItemGroup>
    <ClCompile Include="applicationtranslationsloader.cpp">
      <Filter>Source Files</Filter>
    </ClCompile>
    <ClCompile Include="crashhandler.cpp">
      <Filter>Source Files</Filter>
    </ClCompile>
    <ClCompile Include="main.cpp">
      <Filter>Source Files</Filter>
    </ClCompile>
    <ClCompile Include="syncactionsregister.cpp">
      <Filter>Source Files</Filter>
    </ClCompile>
  </ItemGroup>
  <ItemGroup>
    <ClInclude Include="applicationtranslationsloader.h">
      <Filter>Header Files</Filter>
    </ClInclude>
    <ClInclude Include="crashhandler.h">
      <Filter>Header Files</Filter>
    </ClInclude>
    <ClInclude Include="diagnosistests.h">
      <Filter>Header Files</Filter>
    </ClInclude>
    <ClInclude Include="syncactionsregister.h">
      <Filter>Header Files</Filter>
    </ClInclude>
    <ClInclude Include="vtkinit.h">
      <Filter>Header Files</Filter>
    </ClInclude>
  </ItemGroup>
  <ItemGroup>
    <CustomBuild Include="..\..\tmp\moc\moc_predefs.h.cbt">
      <Filter>Generated Files</Filter>
    </CustomBuild>
    
    
  </ItemGroup>
  <ItemGroup>
    <None Include="images\CC_L.png">
      <Filter>Resource Files</Filter>
    </None>
    <None Include="images\CC_R.png">
      <Filter>Resource Files</Filter>
    </None>
    <None Include="..\..\COPYRIGHT">
      <Filter>Resource Files</Filter>
    </None>
    <None Include="images\CR.png">
      <Filter>Resource Files</Filter>
    </None>
    <None Include="xmlSchemes\CustomWindowLevels.xml">
      <Filter>Resource Files</Filter>
    </None>
    <None Include="xmlSchemes\DICOMDumpDefaultTags.xml">
      <Filter>Resource Files</Filter>
    </None>
    <None Include="..\..\LICENSE">
      <Filter>Resource Files</Filter>
    </None>
    <None Include="images\MLO_L.png">
      <Filter>Resource Files</Filter>
    </None>
    <None Include="images\MLO_R.png">
      <Filter>Resource Files</Filter>
    </None>
    <None Include="..\..\NOTICE">
      <Filter>Resource Files</Filter>
    </None>
    <None Include="images\RF.png">
      <Filter>Resource Files</Filter>
    </None>
    <None Include="images\RISConfiguration.png">
      <Filter>Resource Files</Filter>
    </None>
    <None Include="images\addNewPrinter.png">
      <Filter>Resource Files</Filter>
    </None>
    <None Include="images\advancedSearch.png">
      <Filter>Resource Files</Filter>
    </None>
    <None Include="images\airbrush.png">
      <Filter>Resource Files</Filter>
    </None>
    <None Include="images\angle.png">
      <Filter>Resource Files</Filter>
    </None>
    <None Include="images\apply.png">
      <Filter>Resource Files</Filter>
    </None>
    <None Include="images\axial.png">
      <Filter>Resource Files</Filter>
    </None>
    <None Include="images\back.png">
      <Filter>Resource Files</Filter>
    </None>
    <None Include="images\beta-warning.png">
      <Filter>Resource Files</Filter>
    </None>
    <None Include="cluts\2d\blackandwhiteinverse.xml">
      <Filter>Resource Files</Filter>
    </None>
    <None Include="images\boomerang.png">
      <Filter>Resource Files</Filter>
    </None>
    <None Include="images\button_ok.png">
      <Filter>Resource Files</Filter>
    </None>
    <None Include="images\cal.png">
      <Filter>Resource Files</Filter>
    </None>
    <None Include="images\cal_downloading.png">
      <Filter>Resource Files</Filter>
    </None>
    <None Include="images\cancel.png">
      <Filter>Resource Files</Filter>
    </None>
    <None Include="images\cdrom.png">
      <Filter>Resource Files</Filter>
    </None>
    <None Include="images\checkOkBigger.png">
      <Filter>Resource Files</Filter>
    </None>
    <None Include="images\circleTool.png">
      <Filter>Resource Files</Filter>
    </None>
    <None Include="images\clear.png">
      <Filter>Resource Files</Filter>
    </None>
    <None Include="images\clippingBox.png">
      <Filter>Resource Files</Filter>
    </None>
    <None Include="images\clutEdit.png">
      <Filter>Resource Files</Filter>
    </None>
    <None Include="images\collapse.png">
      <Filter>Resource Files</Filter>
    </None>
    <None Include="..\core\core_ca_ES.qm">
      <Filter>Resource Files</Filter>
    </None>
    <None Include="..\core\core_en_GB.qm">
      <Filter>Resource Files</Filter>
    </None>
    <None Include="..\core\core_es_ES.qm">
      <Filter>Resource Files</Filter>
    </None>
    <None Include="images\coronal.png">
      <Filter>Resource Files</Filter>
    </None>
    <None Include="images\createDICOMDIR.png">
      <Filter>Resource Files</Filter>
    </None>
    <None Include="images\cross.png">
      <Filter>Resource Files</Filter>
    </None>
    <None Include="images\database.png">
      <Filter>Resource Files</Filter>
    </None>
    <None Include="cache\database.sql">
      <Filter>Resource Files</Filter>
    </None>
    <None Include="images\databaseRemove.png">
      <Filter>Resource Files</Filter>
    </None>
    <None Include="images\dicomDump.png">
      <Filter>Resource Files</Filter>
    </None>
    <None Include="images\distance.png">
      <Filter>Resource Files</Filter>
    </None>
    <None Include="images\down.png">
      <Filter>Resource Files</Filter>
    </None>
    <None Include="images\downloading.gif">
      <Filter>Resource Files</Filter>
    </None>
    <None Include="images\dvd.png">
      <Filter>Resource Files</Filter>
    </None>
    <None Include="images\eco.png">
      <Filter>Resource Files</Filter>
    </None>
    <None Include="images\ellipticalROITool.png">
      <Filter>Resource Files</Filter>
    </None>
    <None Include="images\eraser.png">
      <Filter>Resource Files</Filter>
    </None>
    <None Include="images\eraser2.png">
      <Filter>Resource Files</Filter>
    </None>
    <None Include="images\eraserViewer.png">
      <Filter>Resource Files</Filter>
    </None>
    <None Include="images\erasercursor.png">
      <Filter>Resource Files</Filter>
    </None>
    <None Include="images\eraseregioncursor.png">
      <Filter>Resource Files</Filter>
    </None>
    <None Include="images\error.png">
      <Filter>Resource Files</Filter>
    </None>
    <None Include="images\exit.png">
      <Filter>Resource Files</Filter>
    </None>
    <None Include="images\expand.png">
      <Filter>Resource Files</Filter>
    </None>
    <None Include="images\fileclose.png">
      <Filter>Resource Files</Filter>
    </None>
    <None Include="images\filesave.png">
      <Filter>Resource Files</Filter>
    </None>
    <None Include="images\flipHorizontal.png">
      <Filter>Resource Files</Filter>
    </None>
    <None Include="images\flipVertical.png">
      <Filter>Resource Files</Filter>
    </None>
    <None Include="images\folderclose.png">
      <Filter>Resource Files</Filter>
    </None>
    <None Include="images\folderopen.png">
      <Filter>Resource Files</Filter>
    </None>
    <None Include="images\fullscreen.png">
      <Filter>Resource Files</Filter>
    </None>
    <None Include="images\fusionbalance.png">
      <Filter>Resource Files</Filter>
    </None>
    <None Include="images\gilabLogoAbout.png">
      <Filter>Resource Files</Filter>
    </None>
    <None Include="images\grid.png">
      <Filter>Resource Files</Filter>
    </None>
    <None Include="images\harddrive.png">
      <Filter>Resource Files</Filter>
    </None>
    <None Include="cluts\2d\hotiron.xml">
      <Filter>Resource Files</Filter>
    </None>
    <None Include="cluts\2d\hotmetalblue.xml">
      <Filter>Resource Files</Filter>
    </None>
    <None Include="images\idiLogoAbout.png">
      <Filter>Resource Files</Filter>
    </None>
    <None Include="images\imagePlaneProjection.png">
      <Filter>Resource Files</Filter>
    </None>
    <None Include="images\info_small.png">
      <Filter>Resource Files</Filter>
    </None>
    <None Include="..\inputoutput\inputoutput_ca_ES.qm">
      <Filter>Resource Files</Filter>
    </None>
    <None Include="..\inputoutput\inputoutput_en_GB.qm">
      <Filter>Resource Files</Filter>
    </None>
    <None Include="..\inputoutput\inputoutput_es_ES.qm">
      <Filter>Resource Files</Filter>
    </None>
    <None Include="..\interface\interface_ca_ES.qm">
      <Filter>Resource Files</Filter>
    </None>
    <None Include="..\interface\interface_en_GB.qm">
      <Filter>Resource Files</Filter>
    </None>
    <None Include="..\interface\interface_es_ES.qm">
      <Filter>Resource Files</Filter>
    </None>
    <None Include="images\invertWL.png">
      <Filter>Resource Files</Filter>
    </None>
    <None Include="javascript\jquery-min.js">
      <Filter>Resource Files</Filter>
    </None>
    <None Include="images\kinThumbnail.png">
      <Filter>Resource Files</Filter>
    </None>
    <None Include="images\linePath.png">
      <Filter>Resource Files</Filter>
    </None>
    <None Include="images\linkAll.png">
      <Filter>Resource Files</Filter>
    </None>
    <None Include="images\linked.png">
      <Filter>Resource Files</Filter>
    </None>
    <None Include="images\loader.gif">
      <Filter>Resource Files</Filter>
    </None>
    <None Include="images\lock.png">
      <Filter>Resource Files</Filter>
    </None>
    <None Include="images\logs.png">
      <Filter>Resource Files</Filter>
    </None>
    <None Include="images\magicroitool.png">
      <Filter>Resource Files</Filter>
    </None>
    <None Include="images\magnify.png">
      <Filter>Resource Files</Filter>
    </None>
    <QtRcc Include="main.qrc">
      <Filter>Resource Files</Filter>
    </QtRcc>
    <None Include="css\mainwindowbackground.css">
      <Filter>Resource Files</Filter>
    </None>
    <None Include="images\minus.png">
      <Filter>Resource Files</Filter>
    </None>
    <None Include="images\minuslock.png">
      <Filter>Resource Files</Filter>
    </None>
    <None Include="images\mip.png">
      <Filter>Resource Files</Filter>
    </None>
    <None Include="images\mouse.png">
      <Filter>Resource Files</Filter>
    </None>
    <None Include="images\move.png">
      <Filter>Resource Files</Filter>
    </None>
    <None Include="images\moveDifference.png">
      <Filter>Resource Files</Filter>
    </None>
    <None Include="images\new.png">
      <Filter>Resource Files</Filter>
    </None>
    <None Include="images\nonClosedAngle.png">
      <Filter>Resource Files</Filter>
    </None>
    <None Include="images\open.png">
      <Filter>Resource Files</Filter>
    </None>
    <None Include="images\openDICOMDIR.png">
      <Filter>Resource Files</Filter>
    </None>
    <None Include="images\openDicom.png">
      <Filter>Resource Files</Filter>
    </None>
    <None Include="images\operationList.png">
      <Filter>Resource Files</Filter>
    </None>
    <None Include="images\pacsNodes.png">
      <Filter>Resource Files</Filter>
    </None>
    <None Include="images\pacsQuery.png">
      <Filter>Resource Files</Filter>
    </None>
    <None Include="images\pacsServer.png">
      <Filter>Resource Files</Filter>
    </None>
    <None Include="images\pause.png">
      <Filter>Resource Files</Filter>
    </None>
    <None Include="images\pencil.png">
      <Filter>Resource Files</Filter>
    </None>
    <None Include="images\pencilcursor.png">
      <Filter>Resource Files</Filter>
    </None>
    <None Include="images\perpendicularDistance.png">
      <Filter>Resource Files</Filter>
    </None>
    <None Include="cluts\2d\pet.xml">
      <Filter>Resource Files</Filter>
    </None>
    <None Include="cluts\2d\pet20step.xml">
      <Filter>Resource Files</Filter>
    </None>
    <None Include="cluts\2d\petosirix.xml">
      <Filter>Resource Files</Filter>
    </None>
    <None Include="images\photo.png">
      <Filter>Resource Files</Filter>
    </None>
    <None Include="images\play.png">
      <Filter>Resource Files</Filter>
    </None>
    <None Include="images\plus.png">
      <Filter>Resource Files</Filter>
    </None>
    <None Include="images\polyline.png">
      <Filter>Resource Files</Filter>
    </None>
    <None Include="images\preferences.png">
      <Filter>Resource Files</Filter>
    </None>
    <None Include="images\presentationStateThumbnail.png">
      <Filter>Resource Files</Filter>
    </None>
    <None Include="images\printerPreferences.png">
      <Filter>Resource Files</Filter>
    </None>
    <None Include="images\printerTest.png">
      <Filter>Resource Files</Filter>
    </None>
    <None Include="images\propagate.png">
      <Filter>Resource Files</Filter>
    </None>
    <None Include="images\q2dviewerconfiguration.png">
      <Filter>Resource Files</Filter>
    </None>
    <None Include="css\qdiagnosistest.css">
      <Filter>Resource Files</Filter>
    </None>
    <None Include="javascript\qdiagnosistest.js">
      <Filter>Resource Files</Filter>
    </None>
    <QtRcc Include="..\qml\qml.qrc">
      <Filter>Resource Files</Filter>
    </QtRcc>
    <None Include="..\qml\qmlpatientbrowsermenu.qml">
      <Filter>Resource Files</Filter>
    </None>
    <None Include="cluts\2d\rainbow.xml">
      <Filter>Resource Files</Filter>
    </None>
    <None Include="images\referenceLines.png">
      <Filter>Resource Files</Filter>
    </None>
    <None Include="images\removePrinter.png">
      <Filter>Resource Files</Filter>
    </None>
    <None Include="images\repeat.png">
      <Filter>Resource Files</Filter>
    </None>
    <None Include="images\restore.png">
      <Filter>Resource Files</Filter>
    </None>
    <None Include="images\retractFullscreen.png">
      <Filter>Resource Files</Filter>
    </None>
    <None Include="images\retrieve.png">
      <Filter>Resource Files</Filter>
    </None>
    <None Include="images\retrieveAndView.png">
      <Filter>Resource Files</Filter>
    </None>
    <None Include="images\roi.png">
      <Filter>Resource Files</Filter>
    </None>
    <None Include="images\rotate3d.png">
      <Filter>Resource Files</Filter>
    </None>
    <None Include="images\rotateClockWise.png">
      <Filter>Resource Files</Filter>
    </None>
    <None Include="images\rotateCounterClockWise.png">
      <Filter>Resource Files</Filter>
    </None>
    <None Include="images\round-warning.png">
      <Filter>Resource Files</Filter>
    </None>
    <None Include="images\sagital.png">
      <Filter>Resource Files</Filter>
    </None>
    <None Include="images\search.png">
      <Filter>Resource Files</Filter>
    </None>
    <None Include="images\seed.png">
      <Filter>Resource Files</Filter>
    </None>
    <None Include="images\series.png">
      <Filter>Resource Files</Filter>
    </None>
    <None Include="images\showDisplayShutters.png">
      <Filter>Resource Files</Filter>
    </None>
    <None Include="images\showOverlays.png">
      <Filter>Resource Files</Filter>
    </None>
    <None Include="images\showViewersInformation.png">
      <Filter>Resource Files</Filter>
    </None>
    <None Include="images\slicecursor.png">
      <Filter>Resource Files</Filter>
    </None>
    <None Include="images\slicing.png">
      <Filter>Resource Files</Filter>
    </None>
    <None Include="images\small-warning.png">
      <Filter>Resource Files</Filter>
    </None>
    <None Include="images\splash.png">
      <Filter>Resource Files</Filter>
    </None>
    <None Include="images\splashLite.png">
      <Filter>Resource Files</Filter>
    </None>
    <None Include="images\starviewer.png">
      <Filter>Resource Files</Filter>
    </None>
    <None Include="images\store.png">
      <Filter>Resource Files</Filter>
    </None>
    <None Include="images\structuredReportThumbnail.png">
      <Filter>Resource Files</Filter>
    </None>
    <None Include="images\succeeded.png">
      <Filter>Resource Files</Filter>
    </None>
    <None Include="images\synchronize.png">
      <Filter>Resource Files</Filter>
    </None>
    <None Include="images\system-run-big.svg">
      <Filter>Resource Files</Filter>
    </None>
    <None Include="images\system-run.svg">
      <Filter>Resource Files</Filter>
    </None>
    <None Include="images\unlinkAll.png">
      <Filter>Resource Files</Filter>
    </None>
    <None Include="images\unlinked.png">
      <Filter>Resource Files</Filter>
    </None>
    <None Include="cache\upgradeDatabase.xml">
      <Filter>Resource Files</Filter>
    </None>
    <None Include="images\usbpendrive.png">
      <Filter>Resource Files</Filter>
    </None>
    <None Include="images\view.png">
      <Filter>Resource Files</Filter>
    </None>
    <None Include="images\view_left_right.png">
      <Filter>Resource Files</Filter>
    </None>
    <None Include="images\voxelInformation.png">
      <Filter>Resource Files</Filter>
    </None>
    <None Include="images\warningIcon.png">
      <Filter>Resource Files</Filter>
    </None>
    <None Include="images\windowLevel.png">
      <Filter>Resource Files</Filter>
    </None>
    <None Include="images\zoom.png">
      <Filter>Resource Files</Filter>
    </None>
  </ItemGroup>
  <ItemGroup>
    <ResourceCompile Include="starviewer.rc" />
  </ItemGroup>
</Project>