<?xml version="1.0" encoding="utf-8"?>
<Project xmlns="http://schemas.microsoft.com/developer/msbuild/2003">
  <ItemGroup>
    <Filter Include="Form Files">
      <UniqueIdentifier>{99349809-55BA-4b9d-BF79-8FDBB0286EB3}</UniqueIdentifier>
      <Extensions>ui</Extensions>
      <ParseFiles>false</ParseFiles>
    </Filter>
    <Filter Include="Form Files">
      <UniqueIdentifier>{99349809-55BA-4b9d-BF79-8FDBB0286EB3}</UniqueIdentifier>
      <Extensions>ui</Extensions>
      <ParseFiles>false</ParseFiles>
    </Filter>
    <Filter Include="Generated Files">
      <UniqueIdentifier>{71ED8ED8-ACB9-4CE9-BBE1-E00B30144E11}</UniqueIdentifier>
      <Extensions>cpp;c;cxx;moc;h;def;odl;idl;res;</Extensions>
    </Filter>
    <Filter Include="Generated Files">
      <UniqueIdentifier>{71ED8ED8-ACB9-4CE9-BBE1-E00B30144E11}</UniqueIdentifier>
      <Extensions>cpp;c;cxx;moc;h;def;odl;idl;res;</Extensions>
    </Filter>
    <Filter Include="Header Files">
      <UniqueIdentifier>{93995380-89BD-4b04-88EB-625FBE52EBFB}</UniqueIdentifier>
      <Extensions>h;hpp;hxx;hm;inl;inc;xsd</Extensions>
    </Filter>
    <Filter Include="Header Files">
      <UniqueIdentifier>{93995380-89BD-4b04-88EB-625FBE52EBFB}</UniqueIdentifier>
      <Extensions>h;hpp;hxx;hm;inl;inc;xsd</Extensions>
    </Filter>
    <Filter Include="Resource Files">
      <UniqueIdentifier>{D9D6E242-F8AF-46E4-B9FD-80ECBC20BA3E}</UniqueIdentifier>
      <Extensions>qrc;*</Extensions>
      <ParseFiles>false</ParseFiles>
    </Filter>
    <Filter Include="Resource Files">
      <UniqueIdentifier>{D9D6E242-F8AF-46E4-B9FD-80ECBC20BA3E}</UniqueIdentifier>
      <Extensions>qrc;*</Extensions>
      <ParseFiles>false</ParseFiles>
    </Filter>
    <Filter Include="Source Files">
      <UniqueIdentifier>{4FC737F1-C7A5-4376-A066-2A32D752A2FF}</UniqueIdentifier>
      <Extensions>cpp;c;cxx;def;odl;idl;hpj;bat;asm;asmx</Extensions>
    </Filter>
    <Filter Include="Source Files">
      <UniqueIdentifier>{4FC737F1-C7A5-4376-A066-2A32D752A2FF}</UniqueIdentifier>
      <Extensions>cpp;c;cxx;def;odl;idl;hpj;bat;asm;asmx</Extensions>
    </Filter>
    <Filter Include="Translation Files">
      <UniqueIdentifier>{639EADAA-A684-42e4-A9AD-28FC9BCB8F7C}</UniqueIdentifier>
      <Extensions>ts;xlf</Extensions>
      <ParseFiles>false</ParseFiles>
    </Filter>
    <Filter Include="Translation Files">
      <UniqueIdentifier>{639EADAA-A684-42e4-A9AD-28FC9BCB8F7C}</UniqueIdentifier>
      <Extensions>ts;xlf</Extensions>
      <ParseFiles>false</ParseFiles>
    </Filter>
  </ItemGroup>
  <ItemGroup>
    <ClCompile Include="ambientvoxelshader2.cpp">
      <Filter>Source Files</Filter>
    </ClCompile>
    <ClCompile Include="camera.cpp">
      <Filter>Source Files</Filter>
    </ClCompile>
    <ClCompile Include="celshadingvoxelshader.cpp">
      <Filter>Source Files</Filter>
    </ClCompile>
    <ClCompile Include="colorbleedingvoxelshader.cpp">
      <Filter>Source Files</Filter>
    </ClCompile>
    <ClCompile Include="colorvomivoxelshader.cpp">
      <Filter>Source Files</Filter>
    </ClCompile>
    <ClCompile Include="coolwarmvoxelshader.cpp">
      <Filter>Source Files</Filter>
    </ClCompile>
    <ClCompile Include="directilluminationvoxelshader2.cpp">
      <Filter>Source Files</Filter>
    </ClCompile>
    <ClCompile Include="experimental3dextensionmediator.cpp">
      <Filter>Source Files</Filter>
    </ClCompile>
    <ClCompile Include="experimental3dsettings.cpp">
      <Filter>Source Files</Filter>
    </ClCompile>
    <ClCompile Include="experimental3dvolume.cpp">
      <Filter>Source Files</Filter>
    </ClCompile>
    <ClCompile Include="filteringambientocclusionmapvoxelshader.cpp">
      <Filter>Source Files</Filter>
    </ClCompile>
    <ClCompile Include="filteringambientocclusionstipplingvoxelshader.cpp">
      <Filter>Source Files</Filter>
    </ClCompile>
    <ClCompile Include="filteringambientocclusionvoxelshader.cpp">
      <Filter>Source Files</Filter>
    </ClCompile>
    <ClCompile Include="..\..\..\thirdparty\glew\glew.c">
      <Filter>Source Files</Filter>
    </ClCompile>
    <ClCompile Include="histogram.cpp">
      <Filter>Source Files</Filter>
    </ClCompile>
    <ClCompile Include="imivoxelshader.cpp">
      <Filter>Source Files</Filter>
    </ClCompile>
    <ClCompile Include="matrix3.cpp">
      <Filter>Source Files</Filter>
    </ClCompile>
    <ClCompile Include="matrix4.cpp">
      <Filter>Source Files</Filter>
    </ClCompile>
    <ClCompile Include="opacityvoxelshader.cpp">
      <Filter>Source Files</Filter>
    </ClCompile>
    <ClCompile Include="optimizetransferfunctioncommand.cpp">
      <Filter>Source Files</Filter>
    </ClCompile>
    <ClCompile Include="qbasicgraphictransferfunctioneditor.cpp">
      <Filter>Source Files</Filter>
    </ClCompile>
    <ClCompile Include="qexperimental3dextension.cpp">
      <Filter>Source Files</Filter>
    </ClCompile>
    <ClCompile Include="qexperimental3dviewer.cpp">
      <Filter>Source Files</Filter>
    </ClCompile>
    <ClCompile Include="qgraphictransferfunctioneditor.cpp">
      <Filter>Source Files</Filter>
    </ClCompile>
    <ClCompile Include="quaternion.cpp">
      <Filter>Source Files</Filter>
    </ClCompile>
    <ClCompile Include="qviewpointdistributionwidget.cpp">
      <Filter>Source Files</Filter>
    </ClCompile>
    <ClCompile Include="viewpointinformationchannel.cpp">
      <Filter>Source Files</Filter>
    </ClCompile>
    <ClCompile Include="vmivoxelshader2.cpp">
      <Filter>Source Files</Filter>
    </ClCompile>
    <ClCompile Include="volumereslicer.cpp">
      <Filter>Source Files</Filter>
    </ClCompile>
    <ClCompile Include="vomicoolwarmvoxelshader.cpp">
      <Filter>Source Files</Filter>
    </ClCompile>
    <ClCompile Include="vomigammavoxelshader.cpp">
      <Filter>Source Files</Filter>
    </ClCompile>
    <ClCompile Include="vomivoxelshader.cpp">
      <Filter>Source Files</Filter>
    </ClCompile>
    <ClCompile Include="voxelsaliencyvoxelshader.cpp">
      <Filter>Source Files</Filter>
    </ClCompile>
    <ClCompile Include="whitevoxelshader.cpp">
      <Filter>Source Files</Filter>
    </ClCompile>
  </ItemGroup>
  <ItemGroup>
    <ClInclude Include="ambientvoxelshader2.h">
      <Filter>Header Files</Filter>
    </ClInclude>
    <ClInclude Include="camera.h">
      <Filter>Header Files</Filter>
    </ClInclude>
    <ClInclude Include="celshadingvoxelshader.h">
      <Filter>Header Files</Filter>
    </ClInclude>
    <ClInclude Include="colorbleedingvoxelshader.h">
      <Filter>Header Files</Filter>
    </ClInclude>
    <ClInclude Include="colorvomivoxelshader.h">
      <Filter>Header Files</Filter>
    </ClInclude>
    <ClInclude Include="coolwarmvoxelshader.h">
      <Filter>Header Files</Filter>
    </ClInclude>
    <ClInclude Include="directilluminationvoxelshader2.h">
      <Filter>Header Files</Filter>
    </ClInclude>
    <QtMoc Include="experimental3dextensionmediator.h">
      <Filter>Header Files</Filter>
    </QtMoc>
    <ClInclude Include="experimental3dsettings.h">
      <Filter>Header Files</Filter>
    </ClInclude>
    <ClInclude Include="experimental3dvolume.h">
      <Filter>Header Files</Filter>
    </ClInclude>
    <ClInclude Include="filteringambientocclusionmapvoxelshader.h">
      <Filter>Header Files</Filter>
    </ClInclude>
    <ClInclude Include="filteringambientocclusionstipplingvoxelshader.h">
      <Filter>Header Files</Filter>
    </ClInclude>
    <ClInclude Include="filteringambientocclusionvoxelshader.h">
      <Filter>Header Files</Filter>
    </ClInclude>
    <ClInclude Include="..\..\..\thirdparty\glew\glew.h">
      <Filter>Header Files</Filter>
    </ClInclude>
    <ClInclude Include="..\..\..\thirdparty\glew\glxew.h">
      <Filter>Header Files</Filter>
    </ClInclude>
    <ClInclude Include="histogram.h">
      <Filter>Header Files</Filter>
    </ClInclude>
    <ClInclude Include="imivoxelshader.h">
      <Filter>Header Files</Filter>
    </ClInclude>
    <ClInclude Include="informationtheory.h">
      <Filter>Header Files</Filter>
    </ClInclude>
    <ClInclude Include="matrix3.h">
      <Filter>Header Files</Filter>
    </ClInclude>
    <ClInclude Include="matrix4.h">
      <Filter>Header Files</Filter>
    </ClInclude>
    <ClInclude Include="opacityvoxelshader.h">
      <Filter>Header Files</Filter>
    </ClInclude>
    <ClInclude Include="optimizetransferfunctioncommand.h">
      <Filter>Header Files</Filter>
    </ClInclude>
    <QtMoc Include="qbasicgraphictransferfunctioneditor.h">
      <Filter>Header Files</Filter>
    </QtMoc>
    <QtMoc Include="qexperimental3dextension.h">
      <Filter>Header Files</Filter>
    </QtMoc>
    <QtMoc Include="qexperimental3dviewer.h">
      <Filter>Header Files</Filter>
    </QtMoc>
    <QtMoc Include="qgraphictransferfunctioneditor.h">
      <Filter>Header Files</Filter>
    </QtMoc>
    <ClInclude Include="quaternion.h">
      <Filter>Header Files</Filter>
    </ClInclude>
    <QtMoc Include="qviewpointdistributionwidget.h">
      <Filter>Header Files</Filter>
    </QtMoc>
    <QtMoc Include="viewpointinformationchannel.h">
      <Filter>Header Files</Filter>
    </QtMoc>
    <ClInclude Include="vmivoxelshader2.h">
      <Filter>Header Files</Filter>
    </ClInclude>
    <ClInclude Include="volumereslicer.h">
      <Filter>Header Files</Filter>
    </ClInclude>
    <ClInclude Include="vomicoolwarmvoxelshader.h">
      <Filter>Header Files</Filter>
    </ClInclude>
    <ClInclude Include="vomigammavoxelshader.h">
      <Filter>Header Files</Filter>
    </ClInclude>
    <ClInclude Include="vomivoxelshader.h">
      <Filter>Header Files</Filter>
    </ClInclude>
    <ClInclude Include="voxelsaliencyvoxelshader.h">
      <Filter>Header Files</Filter>
    </ClInclude>
    <ClInclude Include="..\..\..\thirdparty\glew\wglew.h">
      <Filter>Header Files</Filter>
    </ClInclude>
    <ClInclude Include="whitevoxelshader.h">
      <Filter>Header Files</Filter>
    </ClInclude>
  </ItemGroup>
  <ItemGroup>
    <CustomBuild Include="..\..\..\..\tmp\moc\moc_predefs.h.cbt">
      <Filter>Generated Files</Filter>
    </CustomBuild>
  </ItemGroup>
  <ItemGroup>
    <None Include=".\translations_ca_ES.ts">
      <Filter>Translation Files</Filter>
    </None>
    <None Include=".\translations_en_GB.ts">
      <Filter>Translation Files</Filter>
    </None>
    <None Include=".\translations_es_ES.ts">
      <Filter>Translation Files</Filter>
    </None>
  </ItemGroup>
  <ItemGroup>
    <QtUic Include="qexperimental3dextensionbase.ui">
      <Filter>Form Files</Filter>
    </QtUic>
    <QtUic Include="qgraphictransferfunctioneditorbase.ui">
      <Filter>Form Files</Filter>
    </QtUic>
    <QtUic Include="qviewpointdistributionwidgetbase.ui">
      <Filter>Form Files</Filter>
    </QtUic>
  </ItemGroup>
  <ItemGroup>
    <QtRcc Include="experimental3d.qrc">
      <Filter>Resource Files</Filter>
    </QtRcc>
    <None Include="images\synctomax.png">
      <Filter>Resource Files</Filter>
    </None>
    <None Include="images\synctovisible.png">
      <Filter>Resource Files</Filter>
    </None>
    <None Include="translations_ca_ES.qm">
      <Filter>Resource Files</Filter>
    </None>
    <None Include="translations_en_GB.qm">
      <Filter>Resource Files</Filter>
    </None>
    <None Include="translations_es_ES.qm">
      <Filter>Resource Files</Filter>
    </None>
  </ItemGroup>
</Project>